Microsoft Visual Studio Solution File, Format Version 11.00
# Visual Studio 2010
Project("{8BC9CEB8-8B4A-11D0-8D11-00A0C91BC942}") = "char-server", "vcproj-10\char-server.vcxproj", "{D356871D-58E1-450B-967A-E4E9646175AF}"
EndProject
Project("{8BC9CEB8-8B4A-11D0-8D11-00A0C91BC942}") = "login-server", "vcproj-10\login-server.vcxproj", "{D356871D-58E1-450B-967A-E5E9646175AF}"
EndProject
Project("{8BC9CEB8-8B4A-11D0-8D11-00A0C91BC942}") = "map-server", "vcproj-10\map-server.vcxproj", "{D356871D-58E1-450B-967A-E6E9646175AF}"
EndProject
Project("{8BC9CEB8-8B4A-11D0-8D11-00A0C91BC942}") = "mapcache", "vcproj-10\mapcache.vcxproj", "{D356871D-58E1-450B-967A-E7E9646175AF}"
EndProject
Project("{8BC9CEB8-8B4A-11D0-8D11-00A0C91BC942}") = "plugin-sample", "vcproj-10\plugin-sample.vcxproj", "{E64C56D3-CDFB-483B-900B-A62D216B6D2F}"
EndProject
Project("{8BC9CEB8-8B4A-11D0-8D11-00A0C91BC942}") = "afk", "afk\afk.vcxproj", "{7E1B13D2-BE98-43D9-A19E-596C212939E4}"
EndProject
Project("{8BC9CEB8-8B4A-11D0-8D11-00A0C91BC942}") = "autoattack", "autoattack\autoattack.vcxproj", "{224F2100-9AF7-4E2A-885C-FF033A75FB4D}"
EndProject
Project("{8BC9CEB8-8B4A-11D0-8D11-00A0C91BC942}") = "autobuyammo", "autobuyammo\autobuyammo.vcxproj", "{0A77E0BE-F450-44CF-9CDD-61C962532896}"
EndProject
Project("{8BC9CEB8-8B4A-11D0-8D11-00A0C91BC942}") = "autopots", "autopots\autopots.vcxproj", "{F638E742-46F3-4B71-B03A-1F3FFA7599EF}"
EndProject
Project("{8BC9CEB8-8B4A-11D0-8D11-00A0C91BC942}") = "identifyall", "identifyall\identifyall.vcxproj", "{A631C60A-7FE7-49A7-9BB7-8DC350410A88}"
EndProject
Project("{8BC9CEB8-8B4A-11D0-8D11-00A0C91BC942}") = "itemmap", "itemmap\itemmap.vcxproj", "{C2A415B5-2DB7-4B3D-9A2A-EA7EEEB24D3C}"
EndProject
Project("{8BC9CEB8-8B4A-11D0-8D11-00A0C91BC942}") = "manners", "manners\manners.vcxproj", "{E616F9EA-FDCE-4459-A42C-34B6836778B1}"
EndProject
Project("{8BC9CEB8-8B4A-11D0-8D11-00A0C91BC942}") = "storeit", "storeit\storeit.vcxproj", "{8BE5D67A-D047-4EDD-89D0-4A211502D3BF}"
EndProject
Project("{8BC9CEB8-8B4A-11D0-8D11-00A0C91BC942}") = "whosell", "whosell\whosell.vcxproj", "{BB46BD85-44D6-4790-BC87-8A2BA06CF8B1}"
EndProject
Project("{8BC9CEB8-8B4A-11D0-8D11-00A0C91BC942}") = "plugin-HPMHooking_map", "vcproj-10\plugin-HPMHooking_map.vcxproj", "{F2CE08DE-7323-4B66-AD6F-0BF9F99671BF}"
EndProject
Project("{8BC9CEB8-8B4A-11D0-8D11-00A0C91BC942}") = "plugin-HPMHooking_char", "vcproj-10\plugin-HPMHooking_char.vcxproj", "{337F99A2-528C-473C-97F0-BF202F197061}"
EndProject
Project("{8BC9CEB8-8B4A-11D0-8D11-00A0C91BC942}") = "plugin-HPMHooking_login", "vcproj-10\plugin-HPMHooking_login.vcxproj", "{B7B66F36-2EE9-4F16-929A-5E4A64492DAE}"
EndProject
Global
	GlobalSection(SolutionConfigurationPlatforms) = preSolution
		Debug|Win32 = Debug|Win32
		Release|Win32 = Release|Win32
	EndGlobalSection
	GlobalSection(ProjectConfigurationPlatforms) = postSolution
		{D356871D-58E1-450B-967A-E4E9646175AF}.Debug|Win32.ActiveCfg = Debug|Win32
		{D356871D-58E1-450B-967A-E4E9646175AF}.Debug|Win32.Build.0 = Debug|Win32
		{D356871D-58E1-450B-967A-E4E9646175AF}.Release|Win32.ActiveCfg = Release|Win32
		{D356871D-58E1-450B-967A-E4E9646175AF}.Release|Win32.Build.0 = Release|Win32
		{D356871D-58E1-450B-967A-E5E9646175AF}.Debug|Win32.ActiveCfg = Debug|Win32
		{D356871D-58E1-450B-967A-E5E9646175AF}.Debug|Win32.Build.0 = Debug|Win32
		{D356871D-58E1-450B-967A-E5E9646175AF}.Release|Win32.ActiveCfg = Release|Win32
		{D356871D-58E1-450B-967A-E5E9646175AF}.Release|Win32.Build.0 = Release|Win32
		{D356871D-58E1-450B-967A-E6E9646175AF}.Debug|Win32.ActiveCfg = Debug|Win32
		{D356871D-58E1-450B-967A-E6E9646175AF}.Debug|Win32.Build.0 = Debug|Win32
		{D356871D-58E1-450B-967A-E6E9646175AF}.Release|Win32.ActiveCfg = Release|Win32
		{D356871D-58E1-450B-967A-E6E9646175AF}.Release|Win32.Build.0 = Release|Win32
		{D356871D-58E1-450B-967A-E7E9646175AF}.Debug|Win32.ActiveCfg = Debug|Win32
		{D356871D-58E1-450B-967A-E7E9646175AF}.Debug|Win32.Build.0 = Debug|Win32
		{D356871D-58E1-450B-967A-E7E9646175AF}.Release|Win32.ActiveCfg = Release|Win32
		{D356871D-58E1-450B-967A-E7E9646175AF}.Release|Win32.Build.0 = Release|Win32
		{E64C56D3-CDFB-483B-900B-A62D216B6D2F}.Debug|Win32.ActiveCfg = Debug|Win32
		{E64C56D3-CDFB-483B-900B-A62D216B6D2F}.Release|Win32.ActiveCfg = Release|Win32
		{7E1B13D2-BE98-43D9-A19E-596C212939E4}.Debug|Win32.ActiveCfg = Debug|Win32
		{7E1B13D2-BE98-43D9-A19E-596C212939E4}.Debug|Win32.Build.0 = Debug|Win32
		{7E1B13D2-BE98-43D9-A19E-596C212939E4}.Release|Win32.ActiveCfg = Release|Win32
		{7E1B13D2-BE98-43D9-A19E-596C212939E4}.Release|Win32.Build.0 = Release|Win32
		{224F2100-9AF7-4E2A-885C-FF033A75FB4D}.Debug|Win32.ActiveCfg = Debug|Win32
		{224F2100-9AF7-4E2A-885C-FF033A75FB4D}.Debug|Win32.Build.0 = Debug|Win32
		{224F2100-9AF7-4E2A-885C-FF033A75FB4D}.Release|Win32.ActiveCfg = Release|Win32
		{224F2100-9AF7-4E2A-885C-FF033A75FB4D}.Release|Win32.Build.0 = Release|Win32
		{0A77E0BE-F450-44CF-9CDD-61C962532896}.Debug|Win32.ActiveCfg = Debug|Win32
		{0A77E0BE-F450-44CF-9CDD-61C962532896}.Debug|Win32.Build.0 = Debug|Win32
		{0A77E0BE-F450-44CF-9CDD-61C962532896}.Release|Win32.ActiveCfg = Release|Win32
		{0A77E0BE-F450-44CF-9CDD-61C962532896}.Release|Win32.Build.0 = Release|Win32
		{F638E742-46F3-4B71-B03A-1F3FFA7599EF}.Debug|Win32.ActiveCfg = Debug|Win32
		{F638E742-46F3-4B71-B03A-1F3FFA7599EF}.Debug|Win32.Build.0 = Debug|Win32
		{F638E742-46F3-4B71-B03A-1F3FFA7599EF}.Release|Win32.ActiveCfg = Release|Win32
		{F638E742-46F3-4B71-B03A-1F3FFA7599EF}.Release|Win32.Build.0 = Release|Win32
		{A631C60A-7FE7-49A7-9BB7-8DC350410A88}.Debug|Win32.ActiveCfg = Debug|Win32
		{A631C60A-7FE7-49A7-9BB7-8DC350410A88}.Debug|Win32.Build.0 = Debug|Win32
		{A631C60A-7FE7-49A7-9BB7-8DC350410A88}.Release|Win32.ActiveCfg = Release|Win32
		{A631C60A-7FE7-49A7-9BB7-8DC350410A88}.Release|Win32.Build.0 = Release|Win32
		{C2A415B5-2DB7-4B3D-9A2A-EA7EEEB24D3C}.Debug|Win32.ActiveCfg = Debug|Win32
		{C2A415B5-2DB7-4B3D-9A2A-EA7EEEB24D3C}.Debug|Win32.Build.0 = Debug|Win32
		{C2A415B5-2DB7-4B3D-9A2A-EA7EEEB24D3C}.Release|Win32.ActiveCfg = Release|Win32
		{C2A415B5-2DB7-4B3D-9A2A-EA7EEEB24D3C}.Release|Win32.Build.0 = Release|Win32
		{E616F9EA-FDCE-4459-A42C-34B6836778B1}.Debug|Win32.ActiveCfg = Debug|Win32
		{E616F9EA-FDCE-4459-A42C-34B6836778B1}.Debug|Win32.Build.0 = Debug|Win32
		{E616F9EA-FDCE-4459-A42C-34B6836778B1}.Release|Win32.ActiveCfg = Release|Win32
		{E616F9EA-FDCE-4459-A42C-34B6836778B1}.Release|Win32.Build.0 = Release|Win32
		{8BE5D67A-D047-4EDD-89D0-4A211502D3BF}.Debug|Win32.ActiveCfg = Debug|Win32
		{8BE5D67A-D047-4EDD-89D0-4A211502D3BF}.Debug|Win32.Build.0 = Debug|Win32
		{8BE5D67A-D047-4EDD-89D0-4A211502D3BF}.Release|Win32.ActiveCfg = Release|Win32
		{8BE5D67A-D047-4EDD-89D0-4A211502D3BF}.Release|Win32.Build.0 = Release|Win32
		{BB46BD85-44D6-4790-BC87-8A2BA06CF8B1}.Debug|Win32.ActiveCfg = Debug|Win32
		{BB46BD85-44D6-4790-BC87-8A2BA06CF8B1}.Debug|Win32.Build.0 = Debug|Win32
		{BB46BD85-44D6-4790-BC87-8A2BA06CF8B1}.Release|Win32.ActiveCfg = Release|Win32
		{BB46BD85-44D6-4790-BC87-8A2BA06CF8B1}.Release|Win32.Build.0 = Release|Win32
		{F2CE08DE-7323-4B66-AD6F-0BF9F99671BF}.Debug|Win32.ActiveCfg = Debug|Win32
		{F2CE08DE-7323-4B66-AD6F-0BF9F99671BF}.Release|Win32.ActiveCfg = Release|Win32
		{337F99A2-528C-473C-97F0-BF202F197061}.Debug|Win32.ActiveCfg = Debug|Win32
		{337F99A2-528C-473C-97F0-BF202F197061}.Debug|Win32.Build.0 = Debug|Win32
		{337F99A2-528C-473C-97F0-BF202F197061}.Release|Win32.ActiveCfg = Release|Win32
		{337F99A2-528C-473C-97F0-BF202F197061}.Release|Win32.Build.0 = Release|Win32
		{B7B66F36-2EE9-4F16-929A-5E4A64492DAE}.Debug|Win32.ActiveCfg = Debug|Win32
		{B7B66F36-2EE9-4F16-929A-5E4A64492DAE}.Debug|Win32.Build.0 = Debug|Win32
		{B7B66F36-2EE9-4F16-929A-5E4A64492DAE}.Release|Win32.ActiveCfg = Release|Win32
		{B7B66F36-2EE9-4F16-929A-5E4A64492DAE}.Release|Win32.Build.0 = Release|Win32
	EndGlobalSection
	GlobalSection(SolutionProperties) = preSolution
		HideSolutionNode = FALSE
	EndGlobalSection
EndGlobal
